
Microsoft Visual Studio Solution File, Format Version 11.00
# Visual Studio 2010
Project("{FAE04EC0-301F-11D3-BF4B-00C04F79EFBC}") = "TextToSpeechPluginTests", "TextToSpeechPluginTests\TextToSpeechPluginTests.csproj", "{F142A53D-F89A-453E-921C-8C344B08F0BB}"
EndProject
Project("{FAE04EC0-301F-11D3-BF4B-00C04F79EFBC}") = "BuildMonitor", "BuildMonitor\BuildMonitor.csproj", "{D973D334-8B56-429C-A3E3-D543E3BC5B04}"
EndProject
Project("{2150E333-8FDC-42A3-9474-1A3956D46DE8}") = "Notifiers", "Notifiers", "{FE67B6DF-DC6D-4788-B9B0-17DB20C4D73F}"
EndProject
Project("{FAE04EC0-301F-11D3-BF4B-00C04F79EFBC}") = "Plugin", "BuildNotifierInterface\Plugin.csproj", "{E912574D-4C64-48E9-A602-2AC15BEFA652}"
EndProject
Project("{FAE04EC0-301F-11D3-BF4B-00C04F79EFBC}") = "TextToSpeechPlugin", "TextToSpeechPlugin\TextToSpeechPlugin.csproj", "{E32690D9-70CF-4430-8359-C9D61C50D412}"
EndProject
Project("{2150E333-8FDC-42A3-9474-1A3956D46DE8}") = "TextToSpeech", "TextToSpeech", "{25D36661-BC57-4E24-BD98-C6DF67CE785D}"
EndProject
Project("{FAE04EC0-301F-11D3-BF4B-00C04F79EFBC}") = "BuildMonitorTests", "BuildMonitorTests\BuildMonitorTests.csproj", "{71C6DE4B-F30A-48D3-A4D3-27984AD3DF1C}"
EndProject
Project("{2150E333-8FDC-42A3-9474-1A3956D46DE8}") = "X10DevicePlugin", "X10DevicePlugin", "{6FF16AA9-0501-4E06-B14F-C25D09F95429}"
EndProject
Project("{FAE04EC0-301F-11D3-BF4B-00C04F79EFBC}") = "X10Plugin", "X10Plugin\X10Plugin.csproj", "{BAF75F4C-398A-47F6-8535-5A0221349BC2}"
EndProject
Project("{FAE04EC0-301F-11D3-BF4B-00C04F79EFBC}") = "X10PluginTests", "X10PluginTests\X10PluginTests.csproj", "{89238799-1F2A-4E81-91B8-6F29F3510A34}"
EndProject
Project("{FAE04EC0-301F-11D3-BF4B-00C04F79EFBC}") = "PluginTests", "PluginTests\PluginTests.csproj", "{83A63822-C511-4AD8-89C3-3A983C3E09A7}"
EndProject
Global
	GlobalSection(SolutionConfigurationPlatforms) = preSolution
		Debug|Any CPU = Debug|Any CPU
		Debug|Mixed Platforms = Debug|Mixed Platforms
		Debug|x86 = Debug|x86
		Release|Any CPU = Release|Any CPU
		Release|Mixed Platforms = Release|Mixed Platforms
		Release|x86 = Release|x86
	EndGlobalSection
	GlobalSection(ProjectConfigurationPlatforms) = postSolution
		{F142A53D-F89A-453E-921C-8C344B08F0BB}.Debug|Any CPU.ActiveCfg = Debug|Any CPU
		{F142A53D-F89A-453E-921C-8C344B08F0BB}.Debug|Any CPU.Build.0 = Debug|Any CPU
		{F142A53D-F89A-453E-921C-8C344B08F0BB}.Debug|Mixed Platforms.ActiveCfg = Debug|Any CPU
		{F142A53D-F89A-453E-921C-8C344B08F0BB}.Debug|Mixed Platforms.Build.0 = Debug|Any CPU
		{F142A53D-F89A-453E-921C-8C344B08F0BB}.Debug|x86.ActiveCfg = Debug|Any CPU
		{F142A53D-F89A-453E-921C-8C344B08F0BB}.Release|Any CPU.ActiveCfg = Release|Any CPU
		{F142A53D-F89A-453E-921C-8C344B08F0BB}.Release|Any CPU.Build.0 = Release|Any CPU
		{F142A53D-F89A-453E-921C-8C344B08F0BB}.Release|Mixed Platforms.ActiveCfg = Release|Any CPU
		{F142A53D-F89A-453E-921C-8C344B08F0BB}.Release|Mixed Platforms.Build.0 = Release|Any CPU
		{F142A53D-F89A-453E-921C-8C344B08F0BB}.Release|x86.ActiveCfg = Release|Any CPU
		{D973D334-8B56-429C-A3E3-D543E3BC5B04}.Debug|Any CPU.ActiveCfg = Debug|x86
		{D973D334-8B56-429C-A3E3-D543E3BC5B04}.Debug|Mixed Platforms.ActiveCfg = Debug|x86
		{D973D334-8B56-429C-A3E3-D543E3BC5B04}.Debug|Mixed Platforms.Build.0 = Debug|x86
		{D973D334-8B56-429C-A3E3-D543E3BC5B04}.Debug|x86.ActiveCfg = Debug|x86
		{D973D334-8B56-429C-A3E3-D543E3BC5B04}.Debug|x86.Build.0 = Debug|x86
		{D973D334-8B56-429C-A3E3-D543E3BC5B04}.Release|Any CPU.ActiveCfg = Release|x86
		{D973D334-8B56-429C-A3E3-D543E3BC5B04}.Release|Mixed Platforms.ActiveCfg = Release|x86
		{D973D334-8B56-429C-A3E3-D543E3BC5B04}.Release|Mixed Platforms.Build.0 = Release|x86
		{D973D334-8B56-429C-A3E3-D543E3BC5B04}.Release|x86.ActiveCfg = Release|x86
		{D973D334-8B56-429C-A3E3-D543E3BC5B04}.Release|x86.Build.0 = Release|x86
		{E912574D-4C64-48E9-A602-2AC15BEFA652}.Debug|Any CPU.ActiveCfg = Debug|Any CPU
		{E912574D-4C64-48E9-A602-2AC15BEFA652}.Debug|Any CPU.Build.0 = Debug|Any CPU
		{E912574D-4C64-48E9-A602-2AC15BEFA652}.Debug|Mixed Platforms.ActiveCfg = Debug|Any CPU
		{E912574D-4C64-48E9-A602-2AC15BEFA652}.Debug|Mixed Platforms.Build.0 = Debug|Any CPU
		{E912574D-4C64-48E9-A602-2AC15BEFA652}.Debug|x86.ActiveCfg = Debug|Any CPU
		{E912574D-4C64-48E9-A602-2AC15BEFA652}.Release|Any CPU.ActiveCfg = Release|Any CPU
		{E912574D-4C64-48E9-A602-2AC15BEFA652}.Release|Any CPU.Build.0 = Release|Any CPU
		{E912574D-4C64-48E9-A602-2AC15BEFA652}.Release|Mixed Platforms.ActiveCfg = Release|Any CPU
		{E912574D-4C64-48E9-A602-2AC15BEFA652}.Release|Mixed Platforms.Build.0 = Release|Any CPU
		{E912574D-4C64-48E9-A602-2AC15BEFA652}.Release|x86.ActiveCfg = Release|Any CPU
		{E32690D9-70CF-4430-8359-C9D61C50D412}.Debug|Any CPU.ActiveCfg = Debug|Any CPU
		{E32690D9-70CF-4430-8359-C9D61C50D412}.Debug|Any CPU.Build.0 = Debug|Any CPU
		{E32690D9-70CF-4430-8359-C9D61C50D412}.Debug|Mixed Platforms.ActiveCfg = Debug|Any CPU
		{E32690D9-70CF-4430-8359-C9D61C50D412}.Debug|Mixed Platforms.Build.0 = Debug|Any CPU
		{E32690D9-70CF-4430-8359-C9D61C50D412}.Debug|x86.ActiveCfg = Debug|Any CPU
		{E32690D9-70CF-4430-8359-C9D61C50D412}.Release|Any CPU.ActiveCfg = Release|Any CPU
		{E32690D9-70CF-4430-8359-C9D61C50D412}.Release|Any CPU.Build.0 = Release|Any CPU
		{E32690D9-70CF-4430-8359-C9D61C50D412}.Release|Mixed Platforms.ActiveCfg = Release|Any CPU
		{E32690D9-70CF-4430-8359-C9D61C50D412}.Release|Mixed Platforms.Build.0 = Release|Any CPU
		{E32690D9-70CF-4430-8359-C9D61C50D412}.Release|x86.ActiveCfg = Release|Any CPU
		{71C6DE4B-F30A-48D3-A4D3-27984AD3DF1C}.Debug|Any CPU.ActiveCfg = Debug|Any CPU
		{71C6DE4B-F30A-48D3-A4D3-27984AD3DF1C}.Debug|Any CPU.Build.0 = Debug|Any CPU
		{71C6DE4B-F30A-48D3-A4D3-27984AD3DF1C}.Debug|Mixed Platforms.ActiveCfg = Debug|Any CPU
		{71C6DE4B-F30A-48D3-A4D3-27984AD3DF1C}.Debug|Mixed Platforms.Build.0 = Debug|Any CPU
		{71C6DE4B-F30A-48D3-A4D3-27984AD3DF1C}.Debug|x86.ActiveCfg = Debug|Any CPU
		{71C6DE4B-F30A-48D3-A4D3-27984AD3DF1C}.Release|Any CPU.ActiveCfg = Release|Any CPU
		{71C6DE4B-F30A-48D3-A4D3-27984AD3DF1C}.Release|Any CPU.Build.0 = Release|Any CPU
		{71C6DE4B-F30A-48D3-A4D3-27984AD3DF1C}.Release|Mixed Platforms.ActiveCfg = Release|Any CPU
		{71C6DE4B-F30A-48D3-A4D3-27984AD3DF1C}.Release|Mixed Platforms.Build.0 = Release|Any CPU
		{71C6DE4B-F30A-48D3-A4D3-27984AD3DF1C}.Release|x86.ActiveCfg = Release|Any CPU
		{BAF75F4C-398A-47F6-8535-5A0221349BC2}.Debug|Any CPU.ActiveCfg = Debug|Any CPU
		{BAF75F4C-398A-47F6-8535-5A0221349BC2}.Debug|Any CPU.Build.0 = Debug|Any CPU
		{BAF75F4C-398A-47F6-8535-5A0221349BC2}.Debug|Mixed Platforms.ActiveCfg = Debug|Any CPU
		{BAF75F4C-398A-47F6-8535-5A0221349BC2}.Debug|Mixed Platforms.Build.0 = Debug|Any CPU
		{BAF75F4C-398A-47F6-8535-5A0221349BC2}.Debug|x86.ActiveCfg = Debug|Any CPU
		{BAF75F4C-398A-47F6-8535-5A0221349BC2}.Release|Any CPU.ActiveCfg = Release|Any CPU
		{BAF75F4C-398A-47F6-8535-5A0221349BC2}.Release|Any CPU.Build.0 = Release|Any CPU
		{BAF75F4C-398A-47F6-8535-5A0221349BC2}.Release|Mixed Platforms.ActiveCfg = Release|Any CPU
		{BAF75F4C-398A-47F6-8535-5A0221349BC2}.Release|Mixed Platforms.Build.0 = Release|Any CPU
		{BAF75F4C-398A-47F6-8535-5A0221349BC2}.Release|x86.ActiveCfg = Release|Any CPU
		{89238799-1F2A-4E81-91B8-6F29F3510A34}.Debug|Any CPU.ActiveCfg = Debug|Any CPU
		{89238799-1F2A-4E81-91B8-6F29F3510A34}.Debug|Any CPU.Build.0 = Debug|Any CPU
		{89238799-1F2A-4E81-91B8-6F29F3510A34}.Debug|Mixed Platforms.ActiveCfg = Debug|Any CPU
		{89238799-1F2A-4E81-91B8-6F29F3510A34}.Debug|Mixed Platforms.Build.0 = Debug|Any CPU
		{89238799-1F2A-4E81-91B8-6F29F3510A34}.Debug|x86.ActiveCfg = Debug|Any CPU
		{89238799-1F2A-4E81-91B8-6F29F3510A34}.Release|Any CPU.ActiveCfg = Release|Any CPU
		{89238799-1F2A-4E81-91B8-6F29F3510A34}.Release|Any CPU.Build.0 = Release|Any CPU
		{89238799-1F2A-4E81-91B8-6F29F3510A34}.Release|Mixed Platforms.ActiveCfg = Release|Any CPU
		{89238799-1F2A-4E81-91B8-6F29F3510A34}.Release|Mixed Platforms.Build.0 = Release|Any CPU
		{89238799-1F2A-4E81-91B8-6F29F3510A34}.Release|x86.ActiveCfg = Release|Any CPU
		{83A63822-C511-4AD8-89C3-3A983C3E09A7}.Debug|Any CPU.ActiveCfg = Debug|Any CPU
		{83A63822-C511-4AD8-89C3-3A983C3E09A7}.Debug|Any CPU.Build.0 = Debug|Any CPU
		{83A63822-C511-4AD8-89C3-3A983C3E09A7}.Debug|Mixed Platforms.ActiveCfg = Debug|Any CPU
		{83A63822-C511-4AD8-89C3-3A983C3E09A7}.Debug|Mixed Platforms.Build.0 = Debug|Any CPU
		{83A63822-C511-4AD8-89C3-3A983C3E09A7}.Debug|x86.ActiveCfg = Debug|Any CPU
		{83A63822-C511-4AD8-89C3-3A983C3E09A7}.Release|Any CPU.ActiveCfg = Release|Any CPU
		{83A63822-C511-4AD8-89C3-3A983C3E09A7}.Release|Any CPU.Build.0 = Release|Any CPU
		{83A63822-C511-4AD8-89C3-3A983C3E09A7}.Release|Mixed Platforms.ActiveCfg = Release|Any CPU
		{83A63822-C511-4AD8-89C3-3A983C3E09A7}.Release|Mixed Platforms.Build.0 = Release|Any CPU
		{83A63822-C511-4AD8-89C3-3A983C3E09A7}.Release|x86.ActiveCfg = Release|Any CPU
	EndGlobalSection
	GlobalSection(SolutionProperties) = preSolution
		HideSolutionNode = FALSE
	EndGlobalSection
	GlobalSection(NestedProjects) = preSolution
		{25D36661-BC57-4E24-BD98-C6DF67CE785D} = {FE67B6DF-DC6D-4788-B9B0-17DB20C4D73F}
		{E912574D-4C64-48E9-A602-2AC15BEFA652} = {FE67B6DF-DC6D-4788-B9B0-17DB20C4D73F}
		{6FF16AA9-0501-4E06-B14F-C25D09F95429} = {FE67B6DF-DC6D-4788-B9B0-17DB20C4D73F}
		{83A63822-C511-4AD8-89C3-3A983C3E09A7} = {FE67B6DF-DC6D-4788-B9B0-17DB20C4D73F}
		{E32690D9-70CF-4430-8359-C9D61C50D412} = {25D36661-BC57-4E24-BD98-C6DF67CE785D}
		{F142A53D-F89A-453E-921C-8C344B08F0BB} = {25D36661-BC57-4E24-BD98-C6DF67CE785D}
		{BAF75F4C-398A-47F6-8535-5A0221349BC2} = {6FF16AA9-0501-4E06-B14F-C25D09F95429}
		{89238799-1F2A-4E81-91B8-6F29F3510A34} = {6FF16AA9-0501-4E06-B14F-C25D09F95429}
	EndGlobalSection
EndGlobal
